// !$*UTF8*$!
{
	archiveVersion = 1;
	classes = {
	};
	objectVersion = 52;
	objects = {

/* Begin PBXBuildFile section */
		D707496024EA71A200F2C22B /* DemoMarkdown.md in Resources */ = {isa = PBXBuildFile; fileRef = D707495F24EA71A200F2C22B /* DemoMarkdown.md */; };
		D709BF1624E970300070BEE2 /* ParmaDemoApp.swift in Sources */ = {isa = PBXBuildFile; fileRef = D709BF1524E970300070BEE2 /* ParmaDemoApp.swift */; };
		D709BF1824E970300070BEE2 /* ContentView.swift in Sources */ = {isa = PBXBuildFile; fileRef = D709BF1724E970300070BEE2 /* ContentView.swift */; };
		D709BF1A24E970320070BEE2 /* Assets.xcassets in Resources */ = {isa = PBXBuildFile; fileRef = D709BF1924E970320070BEE2 /* Assets.xcassets */; };
		D709BF1D24E970320070BEE2 /* Preview Assets.xcassets in Resources */ = {isa = PBXBuildFile; fileRef = D709BF1C24E970320070BEE2 /* Preview Assets.xcassets */; };
		D709BF2624E977110070BEE2 /* Parma in Frameworks */ = {isa = PBXBuildFile; productRef = D709BF2524E977110070BEE2 /* Parma */; };
		D71A331424EAAD3600287EE4 /* Kingfisher in Frameworks */ = {isa = PBXBuildFile; productRef = D71A331324EAAD3600287EE4 /* Kingfisher */; };
		D71A331624EAAD3600287EE4 /* KingfisherSwiftUI in Frameworks */ = {isa = PBXBuildFile; productRef = D71A331524EAAD3600287EE4 /* KingfisherSwiftUI */; };
/* End PBXBuildFile section */

/* Begin PBXFileReference section */
		D707495F24EA71A200F2C22B /* DemoMarkdown.md */ = {isa = PBXFileReference; lastKnownFileType = net.daringfireball.markdown; path = DemoMarkdown.md; sourceTree = "<group>"; };
		D709BF1224E970300070BEE2 /* ParmaDemo.app */ = {isa = PBXFileReference; explicitFileType = wrapper.application; includeInIndex = 0; path = ParmaDemo.app; sourceTree = BUILT_PRODUCTS_DIR; };
		D709BF1524E970300070BEE2 /* ParmaDemoApp.swift */ = {isa = PBXFileReference; lastKnownFileType = sourcecode.swift; path = ParmaDemoApp.swift; sourceTree = "<group>"; };
		D709BF1724E970300070BEE2 /* ContentView.swift */ = {isa = PBXFileReference; lastKnownFileType = sourcecode.swift; path = ContentView.swift; sourceTree = "<group>"; };
		D709BF1924E970320070BEE2 /* Assets.xcassets */ = {isa = PBXFileReference; lastKnownFileType = folder.assetcatalog; path = Assets.xcassets; sourceTree = "<group>"; };
		D709BF1C24E970320070BEE2 /* Preview Assets.xcassets */ = {isa = PBXFileReference; lastKnownFileType = folder.assetcatalog; path = "Preview Assets.xcassets"; sourceTree = "<group>"; };
		D709BF1E24E970320070BEE2 /* Info.plist */ = {isa = PBXFileReference; lastKnownFileType = text.plist.xml; path = Info.plist; sourceTree = "<group>"; };
/* End PBXFileReference section */

/* Begin PBXFrameworksBuildPhase section */
		D709BF0F24E970300070BEE2 /* Frameworks */ = {
			isa = PBXFrameworksBuildPhase;
			buildActionMask = 2147483647;
			files = (
				D71A331624EAAD3600287EE4 /* KingfisherSwiftUI in Frameworks */,
				D71A331424EAAD3600287EE4 /* Kingfisher in Frameworks */,
				D709BF2624E977110070BEE2 /* Parma in Frameworks */,
			);
			runOnlyForDeploymentPostprocessing = 0;
		};
/* End PBXFrameworksBuildPhase section */

/* Begin PBXGroup section */
		D709BF0924E970300070BEE2 = {
			isa = PBXGroup;
			children = (
				D709BF1424E970300070BEE2 /* ParmaDemo */,
				D709BF1324E970300070BEE2 /* Products */,
			);
			sourceTree = "<group>";
		};
		D709BF1324E970300070BEE2 /* Products */ = {
			isa = PBXGroup;
			children = (
				D709BF1224E970300070BEE2 /* ParmaDemo.app */,
			);
			name = Products;
			sourceTree = "<group>";
		};
		D709BF1424E970300070BEE2 /* ParmaDemo */ = {
			isa = PBXGroup;
			children = (
				D709BF1524E970300070BEE2 /* ParmaDemoApp.swift */,
				D709BF1724E970300070BEE2 /* ContentView.swift */,
				D709BF1924E970320070BEE2 /* Assets.xcassets */,
				D707495F24EA71A200F2C22B /* DemoMarkdown.md */,
				D709BF1E24E970320070BEE2 /* Info.plist */,
				D709BF1B24E970320070BEE2 /* Preview Content */,
			);
			path = ParmaDemo;
			sourceTree = "<group>";
		};
		D709BF1B24E970320070BEE2 /* Preview Content */ = {
			isa = PBXGroup;
			children = (
				D709BF1C24E970320070BEE2 /* Preview Assets.xcassets */,
			);
			path = "Preview Content";
			sourceTree = "<group>";
		};
/* End PBXGroup section */

/* Begin PBXNativeTarget section */
		D709BF1124E970300070BEE2 /* ParmaDemo */ = {
			isa = PBXNativeTarget;
			buildConfigurationList = D709BF2124E970320070BEE2 /* Build configuration list for PBXNativeTarget "ParmaDemo" */;
			buildPhases = (
				D709BF0E24E970300070BEE2 /* Sources */,
				D709BF0F24E970300070BEE2 /* Frameworks */,
				D709BF1024E970300070BEE2 /* Resources */,
			);
			buildRules = (
			);
			dependencies = (
			);
			name = ParmaDemo;
			packageProductDependencies = (
				D709BF2524E977110070BEE2 /* Parma */,
				D71A331324EAAD3600287EE4 /* Kingfisher */,
				D71A331524EAAD3600287EE4 /* KingfisherSwiftUI */,
			);
			productName = ParmaDemo;
			productReference = D709BF1224E970300070BEE2 /* ParmaDemo.app */;
			productType = "com.apple.product-type.application";
		};
/* End PBXNativeTarget section */

/* Begin PBXProject section */
		D709BF0A24E970300070BEE2 /* Project object */ = {
			isa = PBXProject;
			attributes = {
				LastSwiftUpdateCheck = 1200;
				LastUpgradeCheck = 1200;
				TargetAttributes = {
					D709BF1124E970300070BEE2 = {
						CreatedOnToolsVersion = 12.0;
					};
				};
			};
			buildConfigurationList = D709BF0D24E970300070BEE2 /* Build configuration list for PBXProject "ParmaDemo" */;
			compatibilityVersion = "Xcode 9.3";
			developmentRegion = en;
			hasScannedForEncodings = 0;
			knownRegions = (
				en,
				Base,
			);
			mainGroup = D709BF0924E970300070BEE2;
			packageReferences = (
				D709BF2424E977110070BEE2 /* XCRemoteSwiftPackageReference "Parma" */,
				D71A331224EAAD3600287EE4 /* XCRemoteSwiftPackageReference "Kingfisher" */,
			);
			productRefGroup = D709BF1324E970300070BEE2 /* Products */;
			projectDirPath = "";
			projectRoot = "";
			targets = (
				D709BF1124E970300070BEE2 /* ParmaDemo */,
			);
		};
/* End PBXProject section */

/* Begin PBXResourcesBuildPhase section */
		D709BF1024E970300070BEE2 /* Resources */ = {
			isa = PBXResourcesBuildPhase;
			buildActionMask = 2147483647;
			files = (
				D709BF1D24E970320070BEE2 /* Preview Assets.xcassets in Resources */,
				D707496024EA71A200F2C22B /* DemoMarkdown.md in Resources */,
				D709BF1A24E970320070BEE2 /* Assets.xcassets in Resources */,
			);
			runOnlyForDeploymentPostprocessing = 0;
		};
/* End PBXResourcesBuildPhase section */

/* Begin PBXSourcesBuildPhase section */
		D709BF0E24E970300070BEE2 /* Sources */ = {
			isa = PBXSourcesBuildPhase;
			buildActionMask = 2147483647;
			files = (
				D709BF1824E970300070BEE2 /* ContentView.swift in Sources */,
				D709BF1624E970300070BEE2 /* ParmaDemoApp.swift in Sources */,
			);
			runOnlyForDeploymentPostprocessing = 0;
		};
/* End PBXSourcesBuildPhase section */

/* Begin XCBuildConfiguration section */
		D709BF1F24E970320070BEE2 /* Debug */ = {
			isa = XCBuildConfiguration;
			buildSettings = {
				ALWAYS_SEARCH_USER_PATHS = NO;
				CLANG_ANALYZER_NONNULL = YES;
				CLANG_ANALYZER_NUMBER_OBJECT_CONVERSION = YES_AGGRESSIVE;
				CLANG_CXX_LANGUAGE_STANDARD = "gnu++14";
				CLANG_CXX_LIBRARY = "libc++";
				CLANG_ENABLE_MODULES = YES;
				CLANG_ENABLE_OBJC_ARC = YES;
				CLANG_ENABLE_OBJC_WEAK = YES;
				CLANG_WARN_BLOCK_CAPTURE_AUTORELEASING = YES;
				CLANG_WARN_BOOL_CONVERSION = YES;
				CLANG_WARN_COMMA = YES;
				CLANG_WARN_CONSTANT_CONVERSION = YES;
				CLANG_WARN_DEPRECATED_OBJC_IMPLEMENTATIONS = YES;
				CLANG_WARN_DIRECT_OBJC_ISA_USAGE = YES_ERROR;
				CLANG_WARN_DOCUMENTATION_COMMENTS = YES;
				CLANG_WARN_EMPTY_BODY = YES;
				CLANG_WARN_ENUM_CONVERSION = YES;
				CLANG_WARN_INFINITE_RECURSION = YES;
				CLANG_WARN_INT_CONVERSION = YES;
				CLANG_WARN_NON_LITERAL_NULL_CONVERSION = YES;
				CLANG_WARN_OBJC_IMPLICIT_RETAIN_SELF = YES;
				CLANG_WARN_OBJC_LITERAL_CONVERSION = YES;
				CLANG_WARN_OBJC_ROOT_CLASS = YES_ERROR;
				CLANG_WARN_QUOTED_INCLUDE_IN_FRAMEWORK_HEADER = YES;
				CLANG_WARN_RANGE_LOOP_ANALYSIS = YES;
				CLANG_WARN_STRICT_PROTOTYPES = YES;
				CLANG_WARN_SUSPICIOUS_MOVE = YES;
				CLANG_WARN_UNGUARDED_AVAILABILITY = YES_AGGRESSIVE;
				CLANG_WARN_UNREACHABLE_CODE = YES;
				CLANG_WARN__DUPLICATE_METHOD_MATCH = YES;
				COPY_PHASE_STRIP = NO;
				DEBUG_INFORMATION_FORMAT = dwarf;
				ENABLE_STRICT_OBJC_MSGSEND = YES;
				ENABLE_TESTABILITY = YES;
				GCC_C_LANGUAGE_STANDARD = gnu11;
				GCC_DYNAMIC_NO_PIC = NO;
				GCC_NO_COMMON_BLOCKS = YES;
				GCC_OPTIMIZATION_LEVEL = 0;
				GCC_PREPROCESSOR_DEFINITIONS = (
					"DEBUG=1",
					"$(inherited)",
				);
				GCC_WARN_64_TO_32_BIT_CONVERSION = YES;
				GCC_WARN_ABOUT_RETURN_TYPE = YES_ERROR;
				GCC_WARN_UNDECLARED_SELECTOR = YES;
				GCC_WARN_UNINITIALIZED_AUTOS = YES_AGGRESSIVE;
				GCC_WARN_UNUSED_FUNCTION = YES;
				GCC_WARN_UNUSED_VARIABLE = YES;
				IPHONEOS_DEPLOYMENT_TARGET = 14.0;
				MTL_ENABLE_DEBUG_INFO = INCLUDE_SOURCE;
				MTL_FAST_MATH = YES;
				ONLY_ACTIVE_ARCH = YES;
				SDKROOT = iphoneos;
				SWIFT_ACTIVE_COMPILATION_CONDITIONS = DEBUG;
				SWIFT_OPTIMIZATION_LEVEL = "-Onone";
			};
			name = Debug;
		};
		D709BF2024E970320070BEE2 /* Release */ = {
			isa = XCBuildConfiguration;
			buildSettings = {
				ALWAYS_SEARCH_USER_PATHS = NO;
				CLANG_ANALYZER_NONNULL = YES;
				CLANG_ANALYZER_NUMBER_OBJECT_CONVERSION = YES_AGGRESSIVE;
				CLANG_CXX_LANGUAGE_STANDARD = "gnu++14";
				CLANG_CXX_LIBRARY = "libc++";
				CLANG_ENABLE_MODULES = YES;
				CLANG_ENABLE_OBJC_ARC = YES;
				CLANG_ENABLE_OBJC_WEAK = YES;
				CLANG_WARN_BLOCK_CAPTURE_AUTORELEASING = YES;
				CLANG_WARN_BOOL_CONVERSION = YES;
				CLANG_WARN_COMMA = YES;
				CLANG_WARN_CONSTANT_CONVERSION = YES;
				CLANG_WARN_DEPRECATED_OBJC_IMPLEMENTATIONS = YES;
				CLANG_WARN_DIRECT_OBJC_ISA_USAGE = YES_ERROR;
				CLANG_WARN_DOCUMENTATION_COMMENTS = YES;
				CLANG_WARN_EMPTY_BODY = YES;
				CLANG_WARN_ENUM_CONVERSION = YES;
				CLANG_WARN_INFINITE_RECURSION = YES;
				CLANG_WARN_INT_CONVERSION = YES;
				CLANG_WARN_NON_LITERAL_NULL_CONVERSION = YES;
				CLANG_WARN_OBJC_IMPLICIT_RETAIN_SELF = YES;
				CLANG_WARN_OBJC_LITERAL_CONVERSION = YES;
				CLANG_WARN_OBJC_ROOT_CLASS = YES_ERROR;
				CLANG_WARN_QUOTED_INCLUDE_IN_FRAMEWORK_HEADER = YES;
				CLANG_WARN_RANGE_LOOP_ANALYSIS = YES;
				CLANG_WARN_STRICT_PROTOTYPES = YES;
				CLANG_WARN_SUSPICIOUS_MOVE = YES;
				CLANG_WARN_UNGUARDED_AVAILABILITY = YES_AGGRESSIVE;
				CLANG_WARN_UNREACHABLE_CODE = YES;
				CLANG_WARN__DUPLICATE_METHOD_MATCH = YES;
				COPY_PHASE_STRIP = NO;
				DEBUG_INFORMATION_FORMAT = "dwarf-with-dsym";
				ENABLE_NS_ASSERTIONS = NO;
				ENABLE_STRICT_OBJC_MSGSEND = YES;
				GCC_C_LANGUAGE_STANDARD = gnu11;
				GCC_NO_COMMON_BLOCKS = YES;
				GCC_WARN_64_TO_32_BIT_CONVERSION = YES;
				GCC_WARN_ABOUT_RETURN_TYPE = YES_ERROR;
				GCC_WARN_UNDECLARED_SELECTOR = YES;
				GCC_WARN_UNINITIALIZED_AUTOS = YES_AGGRESSIVE;
				GCC_WARN_UNUSED_FUNCTION = YES;
				GCC_WARN_UNUSED_VARIABLE = YES;
				IPHONEOS_DEPLOYMENT_TARGET = 14.0;
				MTL_ENABLE_DEBUG_INFO = NO;
				MTL_FAST_MATH = YES;
				SDKROOT = iphoneos;
				SWIFT_COMPILATION_MODE = wholemodule;
				SWIFT_OPTIMIZATION_LEVEL = "-O";
				VALIDATE_PRODUCT = YES;
			};
			name = Release;
		};
		D709BF2224E970320070BEE2 /* Debug */ = {
			isa = XCBuildConfiguration;
			buildSettings = {
				ASSETCATALOG_COMPILER_APPICON_NAME = AppIcon;
				ASSETCATALOG_COMPILER_GLOBAL_ACCENT_COLOR_NAME = AccentColor;
				CODE_SIGN_STYLE = Automatic;
				DEVELOPMENT_ASSET_PATHS = "\"ParmaDemo/Preview Content\"";
				DEVELOPMENT_TEAM = 64ZYG66RMG;
				ENABLE_PREVIEWS = YES;
				INFOPLIST_FILE = ParmaDemo/Info.plist;
				IPHONEOS_DEPLOYMENT_TARGET = 14.0;
				LD_RUNPATH_SEARCH_PATHS = (
					"$(inherited)",
					"@executable_path/Frameworks",
				);
				PRODUCT_BUNDLE_IDENTIFIER = com.dasautoooo.ParmaDemo;
				PRODUCT_NAME = "$(TARGET_NAME)";
				SWIFT_VERSION = 5.0;
				TARGETED_DEVICE_FAMILY = "1,2";
			};
			name = Debug;
		};
		D709BF2324E970320070BEE2 /* Release */ = {
			isa = XCBuildConfiguration;
			buildSettings = {
				ASSETCATALOG_COMPILER_APPICON_NAME = AppIcon;
				ASSETCATALOG_COMPILER_GLOBAL_ACCENT_COLOR_NAME = AccentColor;
				CODE_SIGN_STYLE = Automatic;
				DEVELOPMENT_ASSET_PATHS = "\"ParmaDemo/Preview Content\"";
				DEVELOPMENT_TEAM = 64ZYG66RMG;
				ENABLE_PREVIEWS = YES;
				INFOPLIST_FILE = ParmaDemo/Info.plist;
				IPHONEOS_DEPLOYMENT_TARGET = 14.0;
				LD_RUNPATH_SEARCH_PATHS = (
					"$(inherited)",
					"@executable_path/Frameworks",
				);
				PRODUCT_BUNDLE_IDENTIFIER = com.dasautoooo.ParmaDemo;
				PRODUCT_NAME = "$(TARGET_NAME)";
				SWIFT_VERSION = 5.0;
				TARGETED_DEVICE_FAMILY = "1,2";
			};
			name = Release;
		};
/* End XCBuildConfiguration section */

/* Begin XCConfigurationList section */
		D709BF0D24E970300070BEE2 /* Build configuration list for PBXProject "ParmaDemo" */ = {
			isa = XCConfigurationList;
			buildConfigurations = (
				D709BF1F24E970320070BEE2 /* Debug */,
				D709BF2024E970320070BEE2 /* Release */,
			);
			defaultConfigurationIsVisible = 0;
			defaultConfigurationName = Release;
		};
		D709BF2124E970320070BEE2 /* Build configuration list for PBXNativeTarget "ParmaDemo" */ = {
			isa = XCConfigurationList;
			buildConfigurations = (
				D709BF2224E970320070BEE2 /* Debug */,
				D709BF2324E970320070BEE2 /* Release */,
			);
			defaultConfigurationIsVisible = 0;
			defaultConfigurationName = Release;
		};
/* End XCConfigurationList section */

/* Begin XCRemoteSwiftPackageReference section */
		D709BF2424E977110070BEE2 /* XCRemoteSwiftPackageReference "Parma" */ = {
			isa = XCRemoteSwiftPackageReference;
			repositoryURL = "https://github.com/dasautoooo/Parma.git";
			requirement = {
				kind = upToNextMajorVersion;
				minimumVersion = 0.1.0;
			};
		};
		D71A331224EAAD3600287EE4 /* XCRemoteSwiftPackageReference "Kingfisher" */ = {
			isa = XCRemoteSwiftPackageReference;
			repositoryURL = "https://github.com/onevcat/Kingfisher.git";
			requirement = {
				kind = upToNextMajorVersion;
				minimumVersion = 5.14.1;
			};
		};
/* End XCRemoteSwiftPackageReference section */

/* Begin XCSwiftPackageProductDependency section */
		D709BF2524E977110070BEE2 /* Parma */ = {
			isa = XCSwiftPackageProductDependency;
			package = D709BF2424E977110070BEE2 /* XCRemoteSwiftPackageReference "Parma" */;
			productName = Parma;
		};
		D71A331324EAAD3600287EE4 /* Kingfisher */ = {
			isa = XCSwiftPackageProductDependency;
			package = D71A331224EAAD3600287EE4 /* XCRemoteSwiftPackageReference "Kingfisher" */;
			productName = Kingfisher;
		};
		D71A331524EAAD3600287EE4 /* KingfisherSwiftUI */ = {
			isa = XCSwiftPackageProductDependency;
			package = D71A331224EAAD3600287EE4 /* XCRemoteSwiftPackageReference "Kingfisher" */;
			productName = KingfisherSwiftUI;
		};
/* End XCSwiftPackageProductDependency section */
	};
	rootObject = D709BF0A24E970300070BEE2 /* Project object */;
}
